{
  "version": 4,
  "terraform_version": "1.12.2",
  "serial": 24,
  "lineage": "66e2420e-23eb-5c63-7cee-43fb7c2b9096",
  "outputs": {
    "ALB-DNS-NAME": {
      "value": "leads-manager-alb-2039633906.us-east-1.elb.amazonaws.com",
      "type": "string"
    },
    "CONTROL-PLANE-PRIVATE-IP": {
      "value": "10.0.1.10",
      "type": "string"
    },
    "CONTROL-PLANE-PUBLIC-IP": {
      "value": "54.158.141.86",
      "type": "string"
    },
    "SSH-TO-CONTROL-PLANE": {
      "value": "ssh -i KP.pem ubuntu@54.158.141.86",
      "type": "string"
    },
    "WORKER-1-PRIVATE-IP": {
      "value": "10.0.1.11",
      "type": "string"
    },
    "WORKER-1-PUBLIC-IP": {
      "value": "54.81.188.81",
      "type": "string"
    },
    "WORKER-2-PRIVATE-IP": {
      "value": "10.0.2.11",
      "type": "string"
    },
    "WORKER-2-PUBLIC-IP": {
      "value": "44.220.92.24",
      "type": "string"
    }
  },
  "resources": [
    {
      "mode": "data",
      "type": "aws_availability_zones",
      "name": "available",
      "provider": "provider[\"registry.terraform.io/hashicorp/aws\"].North-Virginia",
      "instances": [
        {
          "schema_version": 0,
          "attributes": {
            "all_availability_zones": null,
            "exclude_names": null,
            "exclude_zone_ids": null,
            "filter": null,
            "group_names": [
              "us-east-1-zg-1"
            ],
            "id": "us-east-1",
            "names": [
              "us-east-1a",
              "us-east-1b",
              "us-east-1c",
              "us-east-1d",
              "us-east-1e",
              "us-east-1f"
            ],
            "state": "available",
            "timeouts": null,
            "zone_ids": [
              "use1-az6",
              "use1-az1",
              "use1-az2",
              "use1-az4",
              "use1-az3",
              "use1-az5"
            ]
          },
          "sensitive_attributes": [],
          "identity_schema_version": 0
        }
      ]
    },
    {
      "mode": "managed",
      "type": "aws_instance",
      "name": "CONTROL_PLANE",
      "provider": "provider[\"registry.terraform.io/hashicorp/aws\"].North-Virginia",
      "instances": [
        {
          "schema_version": 1,
          "attributes": {
            "ami": "ami-0c398cb65a93047f2",
            "arn": "arn:aws:ec2:us-east-1:795354656121:instance/i-0fe9e907d97df1206",
            "associate_public_ip_address": true,
            "availability_zone": "us-east-1a",
            "capacity_reservation_specification": [
              {
                "capacity_reservation_preference": "open",
                "capacity_reservation_target": []
              }
            ],
            "cpu_core_count": 1,
            "cpu_options": [
              {
                "amd_sev_snp": "",
                "core_count": 1,
                "threads_per_core": 2
              }
            ],
            "cpu_threads_per_core": 2,
            "credit_specification": [
              {
                "cpu_credits": "unlimited"
              }
            ],
            "disable_api_stop": false,
            "disable_api_termination": false,
            "ebs_block_device": [],
            "ebs_optimized": false,
            "enable_primary_ipv6": null,
            "enclave_options": [
              {
                "enabled": false
              }
            ],
            "ephemeral_block_device": [],
            "get_password_data": false,
            "hibernation": false,
            "host_id": "",
            "host_resource_group_arn": null,
            "iam_instance_profile": "",
            "id": "i-0fe9e907d97df1206",
            "instance_initiated_shutdown_behavior": "stop",
            "instance_lifecycle": "",
            "instance_market_options": [],
            "instance_state": "running",
            "instance_type": "t3.medium",
            "ipv6_address_count": 0,
            "ipv6_addresses": [],
            "key_name": "leads-manager-keypair",
            "launch_template": [],
            "maintenance_options": [
              {
                "auto_recovery": "default"
              }
            ],
            "metadata_options": [
              {
                "http_endpoint": "enabled",
                "http_protocol_ipv6": "disabled",
                "http_put_response_hop_limit": 1,
                "http_tokens": "optional",
                "instance_metadata_tags": "disabled"
              }
            ],
            "monitoring": false,
            "network_interface": [],
            "outpost_arn": "",
            "password_data": "",
            "placement_group": "",
            "placement_partition_number": 0,
            "primary_network_interface_id": "eni-0dd93fb9bbef5720d",
            "private_dns": "ip-10-0-1-10.ec2.internal",
            "private_dns_name_options": [
              {
                "enable_resource_name_dns_a_record": false,
                "enable_resource_name_dns_aaaa_record": false,
                "hostname_type": "ip-name"
              }
            ],
            "private_ip": "10.0.1.10",
            "public_dns": "",
            "public_ip": "54.158.141.86",
            "root_block_device": [
              {
                "delete_on_termination": true,
                "device_name": "/dev/sda1",
                "encrypted": false,
                "iops": 100,
                "kms_key_id": "",
                "tags": {},
                "tags_all": {},
                "throughput": 0,
                "volume_id": "vol-03cee18bb7844da6b",
                "volume_size": 8,
                "volume_type": "gp2"
              }
            ],
            "secondary_private_ips": [],
            "security_groups": [],
            "source_dest_check": true,
            "spot_instance_request_id": "",
            "subnet_id": "subnet-0f37541b587058b09",
            "tags": {
              "Name": "leads-manager-control-plane",
              "Role": "k8s-control-plane"
            },
            "tags_all": {
              "Name": "leads-manager-control-plane",
              "Role": "k8s-control-plane"
            },
            "tenancy": "default",
            "timeouts": null,
            "user_data": "5742e6ee111e8f991cf41be049b0f3b182654c7a",
            "user_data_base64": null,
            "user_data_replace_on_change": false,
            "volume_tags": null,
            "vpc_security_group_ids": [
              "sg-08e2061981ced9b59"
            ]
          },
          "sensitive_attributes": [],
          "identity_schema_version": 0,
          "private": "eyJlMmJmYjczMC1lY2FhLTExZTYtOGY4OC0zNDM2M2JjN2M0YzAiOnsiY3JlYXRlIjo2MDAwMDAwMDAwMDAsImRlbGV0ZSI6MTIwMDAwMDAwMDAwMCwicmVhZCI6OTAwMDAwMDAwMDAwLCJ1cGRhdGUiOjYwMDAwMDAwMDAwMH0sInNjaGVtYV92ZXJzaW9uIjoiMSJ9",
          "dependencies": [
            "aws_key_pair.LEADS_MANAGER_KP",
            "aws_security_group.LEADS_ALB_SG",
            "aws_security_group.LEADS_EC2_SG",
            "aws_subnet.LEADS_Public_Subnet_1",
            "aws_vpc.LEADS_VPC",
            "data.aws_availability_zones.available",
            "tls_private_key.LEADS_MANAGER_KP"
          ]
        }
      ]
    },
    {
      "mode": "managed",
      "type": "aws_instance",
      "name": "WORKER_1",
      "provider": "provider[\"registry.terraform.io/hashicorp/aws\"].North-Virginia",
      "instances": [
        {
          "schema_version": 1,
          "attributes": {
            "ami": "ami-0c398cb65a93047f2",
            "arn": "arn:aws:ec2:us-east-1:795354656121:instance/i-0d6b9573ca6602499",
            "associate_public_ip_address": true,
            "availability_zone": "us-east-1a",
            "capacity_reservation_specification": [
              {
                "capacity_reservation_preference": "open",
                "capacity_reservation_target": []
              }
            ],
            "cpu_core_count": 1,
            "cpu_options": [
              {
                "amd_sev_snp": "",
                "core_count": 1,
                "threads_per_core": 2
              }
            ],
            "cpu_threads_per_core": 2,
            "credit_specification": [
              {
                "cpu_credits": "unlimited"
              }
            ],
            "disable_api_stop": false,
            "disable_api_termination": false,
            "ebs_block_device": [],
            "ebs_optimized": false,
            "enable_primary_ipv6": null,
            "enclave_options": [
              {
                "enabled": false
              }
            ],
            "ephemeral_block_device": [],
            "get_password_data": false,
            "hibernation": false,
            "host_id": "",
            "host_resource_group_arn": null,
            "iam_instance_profile": "",
            "id": "i-0d6b9573ca6602499",
            "instance_initiated_shutdown_behavior": "stop",
            "instance_lifecycle": "",
            "instance_market_options": [],
            "instance_state": "running",
            "instance_type": "t3.medium",
            "ipv6_address_count": 0,
            "ipv6_addresses": [],
            "key_name": "leads-manager-keypair",
            "launch_template": [],
            "maintenance_options": [
              {
                "auto_recovery": "default"
              }
            ],
            "metadata_options": [
              {
                "http_endpoint": "enabled",
                "http_protocol_ipv6": "disabled",
                "http_put_response_hop_limit": 1,
                "http_tokens": "optional",
                "instance_metadata_tags": "disabled"
              }
            ],
            "monitoring": false,
            "network_interface": [],
            "outpost_arn": "",
            "password_data": "",
            "placement_group": "",
            "placement_partition_number": 0,
            "primary_network_interface_id": "eni-05afc8a04998970f4",
            "private_dns": "ip-10-0-1-11.ec2.internal",
            "private_dns_name_options": [
              {
                "enable_resource_name_dns_a_record": false,
                "enable_resource_name_dns_aaaa_record": false,
                "hostname_type": "ip-name"
              }
            ],
            "private_ip": "10.0.1.11",
            "public_dns": "",
            "public_ip": "54.81.188.81",
            "root_block_device": [
              {
                "delete_on_termination": true,
                "device_name": "/dev/sda1",
                "encrypted": false,
                "iops": 100,
                "kms_key_id": "",
                "tags": {},
                "tags_all": {},
                "throughput": 0,
                "volume_id": "vol-04bd12ac2c6a072ac",
                "volume_size": 8,
                "volume_type": "gp2"
              }
            ],
            "secondary_private_ips": [],
            "security_groups": [],
            "source_dest_check": true,
            "spot_instance_request_id": "",
            "subnet_id": "subnet-0f37541b587058b09",
            "tags": {
              "Name": "leads-manager-worker-1",
              "Role": "k8s-worker"
            },
            "tags_all": {
              "Name": "leads-manager-worker-1",
              "Role": "k8s-worker"
            },
            "tenancy": "default",
            "timeouts": null,
            "user_data": "f34abb73e569c020cdc49e5875f71642ce43731f",
            "user_data_base64": null,
            "user_data_replace_on_change": false,
            "volume_tags": null,
            "vpc_security_group_ids": [
              "sg-08e2061981ced9b59"
            ]
          },
          "sensitive_attributes": [],
          "identity_schema_version": 0,
          "private": "eyJlMmJmYjczMC1lY2FhLTExZTYtOGY4OC0zNDM2M2JjN2M0YzAiOnsiY3JlYXRlIjo2MDAwMDAwMDAwMDAsImRlbGV0ZSI6MTIwMDAwMDAwMDAwMCwicmVhZCI6OTAwMDAwMDAwMDAwLCJ1cGRhdGUiOjYwMDAwMDAwMDAwMH0sInNjaGVtYV92ZXJzaW9uIjoiMSJ9",
          "dependencies": [
            "aws_key_pair.LEADS_MANAGER_KP",
            "aws_security_group.LEADS_ALB_SG",
            "aws_security_group.LEADS_EC2_SG",
            "aws_subnet.LEADS_Public_Subnet_1",
            "aws_vpc.LEADS_VPC",
            "data.aws_availability_zones.available",
            "tls_private_key.LEADS_MANAGER_KP"
          ]
        }
      ]
    },
    {
      "mode": "managed",
      "type": "aws_instance",
      "name": "WORKER_2",
      "provider": "provider[\"registry.terraform.io/hashicorp/aws\"].North-Virginia",
      "instances": [
        {
          "schema_version": 1,
          "attributes": {
            "ami": "ami-0c398cb65a93047f2",
            "arn": "arn:aws:ec2:us-east-1:795354656121:instance/i-0789579f2c8b28cee",
            "associate_public_ip_address": true,
            "availability_zone": "us-east-1b",
            "capacity_reservation_specification": [
              {
                "capacity_reservation_preference": "open",
                "capacity_reservation_target": []
              }
            ],
            "cpu_core_count": 1,
            "cpu_options": [
              {
                "amd_sev_snp": "",
                "core_count": 1,
                "threads_per_core": 2
              }
            ],
            "cpu_threads_per_core": 2,
            "credit_specification": [
              {
                "cpu_credits": "unlimited"
              }
            ],
            "disable_api_stop": false,
            "disable_api_termination": false,
            "ebs_block_device": [],
            "ebs_optimized": false,
            "enable_primary_ipv6": null,
            "enclave_options": [
              {
                "enabled": false
              }
            ],
            "ephemeral_block_device": [],
            "get_password_data": false,
            "hibernation": false,
            "host_id": "",
            "host_resource_group_arn": null,
            "iam_instance_profile": "",
            "id": "i-0789579f2c8b28cee",
            "instance_initiated_shutdown_behavior": "stop",
            "instance_lifecycle": "",
            "instance_market_options": [],
            "instance_state": "running",
            "instance_type": "t3.medium",
            "ipv6_address_count": 0,
            "ipv6_addresses": [],
            "key_name": "leads-manager-keypair",
            "launch_template": [],
            "maintenance_options": [
              {
                "auto_recovery": "default"
              }
            ],
            "metadata_options": [
              {
                "http_endpoint": "enabled",
                "http_protocol_ipv6": "disabled",
                "http_put_response_hop_limit": 1,
                "http_tokens": "optional",
                "instance_metadata_tags": "disabled"
              }
            ],
            "monitoring": false,
            "network_interface": [],
            "outpost_arn": "",
            "password_data": "",
            "placement_group": "",
            "placement_partition_number": 0,
            "primary_network_interface_id": "eni-0b3210e876074a458",
            "private_dns": "ip-10-0-2-11.ec2.internal",
            "private_dns_name_options": [
              {
                "enable_resource_name_dns_a_record": false,
                "enable_resource_name_dns_aaaa_record": false,
                "hostname_type": "ip-name"
              }
            ],
            "private_ip": "10.0.2.11",
            "public_dns": "",
            "public_ip": "44.220.92.24",
            "root_block_device": [
              {
                "delete_on_termination": true,
                "device_name": "/dev/sda1",
                "encrypted": false,
                "iops": 100,
                "kms_key_id": "",
                "tags": {},
                "tags_all": {},
                "throughput": 0,
                "volume_id": "vol-04d1ba98c84778411",
                "volume_size": 8,
                "volume_type": "gp2"
              }
            ],
            "secondary_private_ips": [],
            "security_groups": [],
            "source_dest_check": true,
            "spot_instance_request_id": "",
            "subnet_id": "subnet-0640f06c2e90bcb61",
            "tags": {
              "Name": "leads-manager-worker-2",
              "Role": "k8s-worker"
            },
            "tags_all": {
              "Name": "leads-manager-worker-2",
              "Role": "k8s-worker"
            },
            "tenancy": "default",
            "timeouts": null,
            "user_data": "f34abb73e569c020cdc49e5875f71642ce43731f",
            "user_data_base64": null,
            "user_data_replace_on_change": false,
            "volume_tags": null,
            "vpc_security_group_ids": [
              "sg-08e2061981ced9b59"
            ]
          },
          "sensitive_attributes": [],
          "identity_schema_version": 0,
          "private": "eyJlMmJmYjczMC1lY2FhLTExZTYtOGY4OC0zNDM2M2JjN2M0YzAiOnsiY3JlYXRlIjo2MDAwMDAwMDAwMDAsImRlbGV0ZSI6MTIwMDAwMDAwMDAwMCwicmVhZCI6OTAwMDAwMDAwMDAwLCJ1cGRhdGUiOjYwMDAwMDAwMDAwMH0sInNjaGVtYV92ZXJzaW9uIjoiMSJ9",
          "dependencies": [
            "aws_key_pair.LEADS_MANAGER_KP",
            "aws_security_group.LEADS_ALB_SG",
            "aws_security_group.LEADS_EC2_SG",
            "aws_subnet.LEADS_Public_Subnet_2",
            "aws_vpc.LEADS_VPC",
            "data.aws_availability_zones.available",
            "tls_private_key.LEADS_MANAGER_KP"
          ]
        }
      ]
    },
    {
      "mode": "managed",
      "type": "aws_internet_gateway",
      "name": "LEADS_IGW",
      "provider": "provider[\"registry.terraform.io/hashicorp/aws\"].North-Virginia",
      "instances": [
        {
          "schema_version": 0,
          "attributes": {
            "arn": "arn:aws:ec2:us-east-1:795354656121:internet-gateway/igw-06a65c5d1e97c321b",
            "id": "igw-06a65c5d1e97c321b",
            "owner_id": "795354656121",
            "tags": {
              "Name": "leads-manager-igw"
            },
            "tags_all": {
              "Name": "leads-manager-igw"
            },
            "timeouts": null,
            "vpc_id": "vpc-080f587745c77138f"
          },
          "sensitive_attributes": [],
          "identity_schema_version": 0,
          "private": "eyJlMmJmYjczMC1lY2FhLTExZTYtOGY4OC0zNDM2M2JjN2M0YzAiOnsiY3JlYXRlIjoxMjAwMDAwMDAwMDAwLCJkZWxldGUiOjEyMDAwMDAwMDAwMDAsInVwZGF0ZSI6MTIwMDAwMDAwMDAwMH19",
          "dependencies": [
            "aws_vpc.LEADS_VPC"
          ]
        }
      ]
    },
    {
      "mode": "managed",
      "type": "aws_key_pair",
      "name": "LEADS_MANAGER_KP",
      "provider": "provider[\"registry.terraform.io/hashicorp/aws\"].North-Virginia",
      "instances": [
        {
          "schema_version": 1,
          "attributes": {
            "arn": "arn:aws:ec2:us-east-1:795354656121:key-pair/leads-manager-keypair",
            "fingerprint": "04:70:26:a1:85:30:cb:4c:9d:00:e2:a3:59:96:61:bb",
            "id": "leads-manager-keypair",
            "key_name": "leads-manager-keypair",
            "key_name_prefix": "",
            "key_pair_id": "key-0474300a8b29e36d3",
            "key_type": "rsa",
            "public_key": "ssh-rsa AAAAB3NzaC1yc2EAAAADAQABAAACAQDQrJEw/zEoRvEbwfIqDf4GwvgFsdFWHHcFEUUJufpWYpHb6Ip4hb2YjMlh4VU4D3zBGzWripCtLEDZCDs5H5o8GO1C2vFyuPRPWGCvzN58zT8waPBliEaNiMcp6GSedp12FQWeLcTnRICdATFpMSTqDeI3MSV5E1r99lLIJuV8TE9xyo2HBT9h++i6zmb5vHji7JUA4xnwxsdhjE8BzNJU0W6g9R2BvjebehzkcZaJOmtYE3Jlnfkj02iyp0aDNM5uP8nu0rx4gvB6YXTlbjSjQ9InxXo3De8un8jUaRVfCNXonkja8MB80LRsG9HMM6uXnyhkfpbdVBpWV0wEGFlAFSoMKiYuRkw+7xmOCIcgPkydYCp+5FPGRW64Wa6PvQA/mR+3Cl4N+5mMfwvc42Ed+iPbet2HnaxEYcwGinSy2DrF4Q/3lrtmYfqs/8bmJB73cuklXa8ckluD7xTO092xQhurkgJjN9EyizN9ONaaJwYK87MntxZbR0/H6p2KteVW5HHenTkRuSmAvO3ZFDYlcwwEnptj8Sw+eSgokWpvmfLEqXAQE75/nkfw/lHs2n/1Ca7/IIM7DRw3dq7uUG4Os6H8hyyb9VvxEGCuUYukZtdHxP4UUHEWX7HhEd3pDWT60+S9xF8Y7b6k1fdG78hD9fXpZnlzZLJg9bluhakbuQ==",
            "tags": {
              "Name": "leads-manager-keypair"
            },
            "tags_all": {
              "Name": "leads-manager-keypair"
            }
          },
          "sensitive_attributes": [],
          "identity_schema_version": 0,
          "private": "eyJzY2hlbWFfdmVyc2lvbiI6IjEifQ==",
          "dependencies": [
            "tls_private_key.LEADS_MANAGER_KP"
          ]
        }
      ]
    },
    {
      "mode": "managed",
      "type": "aws_lb",
      "name": "LEADS_ALB",
      "provider": "provider[\"registry.terraform.io/hashicorp/aws\"].North-Virginia",
      "instances": [
        {
          "schema_version": 0,
          "attributes": {
            "access_logs": [
              {
                "bucket": "",
                "enabled": false,
                "prefix": ""
              }
            ],
            "arn": "arn:aws:elasticloadbalancing:us-east-1:795354656121:loadbalancer/app/leads-manager-alb/5bf789e2911b9824",
            "arn_suffix": "app/leads-manager-alb/5bf789e2911b9824",
            "client_keep_alive": 3600,
            "connection_logs": [
              {
                "bucket": "",
                "enabled": false,
                "prefix": ""
              }
            ],
            "customer_owned_ipv4_pool": "",
            "desync_mitigation_mode": "defensive",
            "dns_name": "leads-manager-alb-2039633906.us-east-1.elb.amazonaws.com",
            "dns_record_client_routing_policy": null,
            "drop_invalid_header_fields": false,
            "enable_cross_zone_load_balancing": true,
            "enable_deletion_protection": false,
            "enable_http2": true,
            "enable_tls_version_and_cipher_suite_headers": false,
            "enable_waf_fail_open": false,
            "enable_xff_client_port": false,
            "enable_zonal_shift": false,
            "enforce_security_group_inbound_rules_on_private_link_traffic": "",
            "id": "arn:aws:elasticloadbalancing:us-east-1:795354656121:loadbalancer/app/leads-manager-alb/5bf789e2911b9824",
            "idle_timeout": 60,
            "internal": false,
            "ip_address_type": "ipv4",
            "ipam_pools": [],
            "load_balancer_type": "application",
            "minimum_load_balancer_capacity": [],
            "name": "leads-manager-alb",
            "name_prefix": "",
            "preserve_host_header": false,
            "security_groups": [
              "sg-03db6b6b46d4c86a4"
            ],
            "subnet_mapping": [
              {
                "allocation_id": "",
                "ipv6_address": "",
                "outpost_id": "",
                "private_ipv4_address": "",
                "subnet_id": "subnet-0640f06c2e90bcb61"
              },
              {
                "allocation_id": "",
                "ipv6_address": "",
                "outpost_id": "",
                "private_ipv4_address": "",
                "subnet_id": "subnet-0f37541b587058b09"
              }
            ],
            "subnets": [
              "subnet-0640f06c2e90bcb61",
              "subnet-0f37541b587058b09"
            ],
            "tags": {
              "Name": "leads-manager-alb"
            },
            "tags_all": {
              "Name": "leads-manager-alb"
            },
            "timeouts": null,
            "vpc_id": "vpc-080f587745c77138f",
            "xff_header_processing_mode": "append",
            "zone_id": "Z35SXDOTRQ7X7K"
          },
          "sensitive_attributes": [],
          "identity_schema_version": 0,
          "private": "eyJlMmJmYjczMC1lY2FhLTExZTYtOGY4OC0zNDM2M2JjN2M0YzAiOnsiY3JlYXRlIjo2MDAwMDAwMDAwMDAsImRlbGV0ZSI6NjAwMDAwMDAwMDAwLCJ1cGRhdGUiOjYwMDAwMDAwMDAwMH19",
          "dependencies": [
            "aws_security_group.LEADS_ALB_SG",
            "aws_subnet.LEADS_Public_Subnet_1",
            "aws_subnet.LEADS_Public_Subnet_2",
            "aws_vpc.LEADS_VPC",
            "data.aws_availability_zones.available"
          ]
        }
      ]
    },
    {
      "mode": "managed",
      "type": "aws_lb_listener",
      "name": "LEADS_ALB_LISTENER",
      "provider": "provider[\"registry.terraform.io/hashicorp/aws\"].North-Virginia",
      "instances": [
        {
          "schema_version": 0,
          "attributes": {
            "alpn_policy": null,
            "arn": "arn:aws:elasticloadbalancing:us-east-1:795354656121:listener/app/leads-manager-alb/5bf789e2911b9824/024e193b0a3f6fc5",
            "certificate_arn": null,
            "default_action": [
              {
                "authenticate_cognito": [],
                "authenticate_oidc": [],
                "fixed_response": [],
                "forward": [],
                "order": 1,
                "redirect": [],
                "target_group_arn": "arn:aws:elasticloadbalancing:us-east-1:795354656121:targetgroup/leads-manager-tg/52e7a94e2b84d5cb",
                "type": "forward"
              }
            ],
            "id": "arn:aws:elasticloadbalancing:us-east-1:795354656121:listener/app/leads-manager-alb/5bf789e2911b9824/024e193b0a3f6fc5",
            "load_balancer_arn": "arn:aws:elasticloadbalancing:us-east-1:795354656121:loadbalancer/app/leads-manager-alb/5bf789e2911b9824",
            "mutual_authentication": [],
            "port": 80,
            "protocol": "HTTP",
            "routing_http_request_x_amzn_mtls_clientcert_header_name": null,
            "routing_http_request_x_amzn_mtls_clientcert_issuer_header_name": null,
            "routing_http_request_x_amzn_mtls_clientcert_leaf_header_name": null,
            "routing_http_request_x_amzn_mtls_clientcert_serial_number_header_name": null,
            "routing_http_request_x_amzn_mtls_clientcert_subject_header_name": null,
            "routing_http_request_x_amzn_mtls_clientcert_validity_header_name": null,
            "routing_http_request_x_amzn_tls_cipher_suite_header_name": null,
            "routing_http_request_x_amzn_tls_version_header_name": null,
            "routing_http_response_access_control_allow_credentials_header_value": "",
            "routing_http_response_access_control_allow_headers_header_value": "",
            "routing_http_response_access_control_allow_methods_header_value": "",
            "routing_http_response_access_control_allow_origin_header_value": "",
            "routing_http_response_access_control_expose_headers_header_value": "",
            "routing_http_response_access_control_max_age_header_value": "",
            "routing_http_response_content_security_policy_header_value": "",
            "routing_http_response_server_enabled": true,
            "routing_http_response_strict_transport_security_header_value": "",
            "routing_http_response_x_content_type_options_header_value": "",
            "routing_http_response_x_frame_options_header_value": "",
            "ssl_policy": "",
            "tags": {},
            "tags_all": {},
            "tcp_idle_timeout_seconds": null,
            "timeouts": null
          },
          "sensitive_attributes": [],
          "identity_schema_version": 0,
          "private": "eyJlMmJmYjczMC1lY2FhLTExZTYtOGY4OC0zNDM2M2JjN2M0YzAiOnsiY3JlYXRlIjozMDAwMDAwMDAwMDAsInVwZGF0ZSI6MzAwMDAwMDAwMDAwfX0=",
          "dependencies": [
            "aws_lb.LEADS_ALB",
            "aws_lb_target_group.LEADS_TG",
            "aws_security_group.LEADS_ALB_SG",
            "aws_subnet.LEADS_Public_Subnet_1",
            "aws_subnet.LEADS_Public_Subnet_2",
            "aws_vpc.LEADS_VPC",
            "data.aws_availability_zones.available"
          ]
        }
      ]
    },
    {
      "mode": "managed",
      "type": "aws_lb_target_group",
      "name": "LEADS_TG",
      "provider": "provider[\"registry.terraform.io/hashicorp/aws\"].North-Virginia",
      "instances": [
        {
          "schema_version": 0,
          "attributes": {
            "arn": "arn:aws:elasticloadbalancing:us-east-1:795354656121:targetgroup/leads-manager-tg/52e7a94e2b84d5cb",
            "arn_suffix": "targetgroup/leads-manager-tg/52e7a94e2b84d5cb",
            "connection_termination": null,
            "deregistration_delay": "300",
            "health_check": [
              {
                "enabled": true,
                "healthy_threshold": 2,
                "interval": 15,
                "matcher": "200",
                "path": "/health",
                "port": "32000",
                "protocol": "HTTP",
                "timeout": 10,
                "unhealthy_threshold": 3
              }
            ],
            "id": "arn:aws:elasticloadbalancing:us-east-1:795354656121:targetgroup/leads-manager-tg/52e7a94e2b84d5cb",
            "ip_address_type": "ipv4",
            "lambda_multi_value_headers_enabled": false,
            "load_balancer_arns": [
              "arn:aws:elasticloadbalancing:us-east-1:795354656121:loadbalancer/app/leads-manager-alb/5bf789e2911b9824"
            ],
            "load_balancing_algorithm_type": "round_robin",
            "load_balancing_anomaly_mitigation": "off",
            "load_balancing_cross_zone_enabled": "use_load_balancer_configuration",
            "name": "leads-manager-tg",
            "name_prefix": "",
            "port": 32000,
            "preserve_client_ip": null,
            "protocol": "HTTP",
            "protocol_version": "HTTP1",
            "proxy_protocol_v2": false,
            "slow_start": 0,
            "stickiness": [
              {
                "cookie_duration": 86400,
                "cookie_name": "",
                "enabled": false,
                "type": "lb_cookie"
              }
            ],
            "tags": {
              "Name": "leads-manager-tg"
            },
            "tags_all": {
              "Name": "leads-manager-tg"
            },
            "target_failover": [
              {
                "on_deregistration": null,
                "on_unhealthy": null
              }
            ],
            "target_group_health": [
              {
                "dns_failover": [
                  {
                    "minimum_healthy_targets_count": "1",
                    "minimum_healthy_targets_percentage": "off"
                  }
                ],
                "unhealthy_state_routing": [
                  {
                    "minimum_healthy_targets_count": 1,
                    "minimum_healthy_targets_percentage": "off"
                  }
                ]
              }
            ],
            "target_health_state": [
              {
                "enable_unhealthy_connection_termination": null,
                "unhealthy_draining_interval": null
              }
            ],
            "target_type": "instance",
            "vpc_id": "vpc-080f587745c77138f"
          },
          "sensitive_attributes": [],
          "identity_schema_version": 0,
          "private": "bnVsbA==",
          "dependencies": [
            "aws_vpc.LEADS_VPC"
          ]
        }
      ]
    },
    {
      "mode": "managed",
      "type": "aws_lb_target_group_attachment",
      "name": "WORKER_1_TGA",
      "provider": "provider[\"registry.terraform.io/hashicorp/aws\"].North-Virginia",
      "instances": [
        {
          "schema_version": 0,
          "attributes": {
            "availability_zone": null,
            "id": "arn:aws:elasticloadbalancing:us-east-1:795354656121:targetgroup/leads-manager-tg/52e7a94e2b84d5cb-20251201234914709600000006",
            "port": 32000,
            "target_group_arn": "arn:aws:elasticloadbalancing:us-east-1:795354656121:targetgroup/leads-manager-tg/52e7a94e2b84d5cb",
            "target_id": "i-0d6b9573ca6602499"
          },
          "sensitive_attributes": [],
          "identity_schema_version": 0,
          "private": "bnVsbA==",
          "dependencies": [
            "aws_instance.WORKER_1",
            "aws_key_pair.LEADS_MANAGER_KP",
            "aws_lb_target_group.LEADS_TG",
            "aws_security_group.LEADS_ALB_SG",
            "aws_security_group.LEADS_EC2_SG",
            "aws_subnet.LEADS_Public_Subnet_1",
            "aws_vpc.LEADS_VPC",
            "data.aws_availability_zones.available",
            "tls_private_key.LEADS_MANAGER_KP"
          ]
        }
      ]
    },
    {
      "mode": "managed",
      "type": "aws_lb_target_group_attachment",
      "name": "WORKER_2_TGA",
      "provider": "provider[\"registry.terraform.io/hashicorp/aws\"].North-Virginia",
      "instances": [
        {
          "schema_version": 0,
          "attributes": {
            "availability_zone": null,
            "id": "arn:aws:elasticloadbalancing:us-east-1:795354656121:targetgroup/leads-manager-tg/52e7a94e2b84d5cb-20251201234914294300000005",
            "port": 32000,
            "target_group_arn": "arn:aws:elasticloadbalancing:us-east-1:795354656121:targetgroup/leads-manager-tg/52e7a94e2b84d5cb",
            "target_id": "i-0789579f2c8b28cee"
          },
          "sensitive_attributes": [],
          "identity_schema_version": 0,
          "private": "bnVsbA==",
          "dependencies": [
            "aws_instance.WORKER_2",
            "aws_key_pair.LEADS_MANAGER_KP",
            "aws_lb_target_group.LEADS_TG",
            "aws_security_group.LEADS_ALB_SG",
            "aws_security_group.LEADS_EC2_SG",
            "aws_subnet.LEADS_Public_Subnet_2",
            "aws_vpc.LEADS_VPC",
            "data.aws_availability_zones.available",
            "tls_private_key.LEADS_MANAGER_KP"
          ]
        }
      ]
    },
    {
      "mode": "managed",
      "type": "aws_route_table",
      "name": "LEADS_RT",
      "provider": "provider[\"registry.terraform.io/hashicorp/aws\"].North-Virginia",
      "instances": [
        {
          "schema_version": 0,
          "attributes": {
            "arn": "arn:aws:ec2:us-east-1:795354656121:route-table/rtb-0c88109bcc43c81fb",
            "id": "rtb-0c88109bcc43c81fb",
            "owner_id": "795354656121",
            "propagating_vgws": [],
            "route": [
              {
                "carrier_gateway_id": "",
                "cidr_block": "0.0.0.0/0",
                "core_network_arn": "",
                "destination_prefix_list_id": "",
                "egress_only_gateway_id": "",
                "gateway_id": "igw-06a65c5d1e97c321b",
                "ipv6_cidr_block": "",
                "local_gateway_id": "",
                "nat_gateway_id": "",
                "network_interface_id": "",
                "transit_gateway_id": "",
                "vpc_endpoint_id": "",
                "vpc_peering_connection_id": ""
              }
            ],
            "tags": {
              "Name": "leads-manager-public-rt"
            },
            "tags_all": {
              "Name": "leads-manager-public-rt"
            },
            "timeouts": null,
            "vpc_id": "vpc-080f587745c77138f"
          },
          "sensitive_attributes": [],
          "identity_schema_version": 0,
          "private": "eyJlMmJmYjczMC1lY2FhLTExZTYtOGY4OC0zNDM2M2JjN2M0YzAiOnsiY3JlYXRlIjozMDAwMDAwMDAwMDAsImRlbGV0ZSI6MzAwMDAwMDAwMDAwLCJ1cGRhdGUiOjEyMDAwMDAwMDAwMH19",
          "dependencies": [
            "aws_internet_gateway.LEADS_IGW",
            "aws_vpc.LEADS_VPC"
          ]
        }
      ]
    },
    {
      "mode": "managed",
      "type": "aws_route_table_association",
      "name": "LEADS_RTA_Public_1",
      "provider": "provider[\"registry.terraform.io/hashicorp/aws\"].North-Virginia",
      "instances": [
        {
          "schema_version": 0,
          "attributes": {
            "gateway_id": "",
            "id": "rtbassoc-0ed55dfc3a7166d60",
            "route_table_id": "rtb-0c88109bcc43c81fb",
            "subnet_id": "subnet-0f37541b587058b09",
            "timeouts": null
          },
          "sensitive_attributes": [],
          "identity_schema_version": 0,
          "private": "eyJlMmJmYjczMC1lY2FhLTExZTYtOGY4OC0zNDM2M2JjN2M0YzAiOnsiY3JlYXRlIjozMDAwMDAwMDAwMDAsImRlbGV0ZSI6MzAwMDAwMDAwMDAwLCJ1cGRhdGUiOjEyMDAwMDAwMDAwMH19",
          "dependencies": [
            "aws_internet_gateway.LEADS_IGW",
            "aws_route_table.LEADS_RT",
            "aws_subnet.LEADS_Public_Subnet_1",
            "aws_vpc.LEADS_VPC",
            "data.aws_availability_zones.available"
          ]
        }
      ]
    },
    {
      "mode": "managed",
      "type": "aws_route_table_association",
      "name": "LEADS_RTA_Public_2",
      "provider": "provider[\"registry.terraform.io/hashicorp/aws\"].North-Virginia",
      "instances": [
        {
          "schema_version": 0,
          "attributes": {
            "gateway_id": "",
            "id": "rtbassoc-0cd1a465e9573f754",
            "route_table_id": "rtb-0c88109bcc43c81fb",
            "subnet_id": "subnet-0640f06c2e90bcb61",
            "timeouts": null
          },
          "sensitive_attributes": [],
          "identity_schema_version": 0,
          "private": "eyJlMmJmYjczMC1lY2FhLTExZTYtOGY4OC0zNDM2M2JjN2M0YzAiOnsiY3JlYXRlIjozMDAwMDAwMDAwMDAsImRlbGV0ZSI6MzAwMDAwMDAwMDAwLCJ1cGRhdGUiOjEyMDAwMDAwMDAwMH19",
          "dependencies": [
            "aws_internet_gateway.LEADS_IGW",
            "aws_route_table.LEADS_RT",
            "aws_subnet.LEADS_Public_Subnet_2",
            "aws_vpc.LEADS_VPC",
            "data.aws_availability_zones.available"
          ]
        }
      ]
    },
    {
      "mode": "managed",
      "type": "aws_security_group",
      "name": "LEADS_ALB_SG",
      "provider": "provider[\"registry.terraform.io/hashicorp/aws\"].North-Virginia",
      "instances": [
        {
          "schema_version": 1,
          "attributes": {
            "arn": "arn:aws:ec2:us-east-1:795354656121:security-group/sg-03db6b6b46d4c86a4",
            "description": "Security group for ALB",
            "egress": [
              {
                "cidr_blocks": [
                  "0.0.0.0/0"
                ],
                "description": "",
                "from_port": 0,
                "ipv6_cidr_blocks": [],
                "prefix_list_ids": [],
                "protocol": "-1",
                "security_groups": [],
                "self": false,
                "to_port": 0
              }
            ],
            "id": "sg-03db6b6b46d4c86a4",
            "ingress": [
              {
                "cidr_blocks": [
                  "0.0.0.0/0"
                ],
                "description": "HTTP",
                "from_port": 80,
                "ipv6_cidr_blocks": [],
                "prefix_list_ids": [],
                "protocol": "tcp",
                "security_groups": [],
                "self": false,
                "to_port": 80
              }
            ],
            "name": "leads-manager-alb-sg",
            "name_prefix": "",
            "owner_id": "795354656121",
            "revoke_rules_on_delete": false,
            "tags": {
              "Name": "leads-manager-alb-sg"
            },
            "tags_all": {
              "Name": "leads-manager-alb-sg"
            },
            "timeouts": null,
            "vpc_id": "vpc-080f587745c77138f"
          },
          "sensitive_attributes": [],
          "identity_schema_version": 0,
          "private": "eyJlMmJmYjczMC1lY2FhLTExZTYtOGY4OC0zNDM2M2JjN2M0YzAiOnsiY3JlYXRlIjo2MDAwMDAwMDAwMDAsImRlbGV0ZSI6OTAwMDAwMDAwMDAwfSwic2NoZW1hX3ZlcnNpb24iOiIxIn0=",
          "dependencies": [
            "aws_vpc.LEADS_VPC"
          ]
        }
      ]
    },
    {
      "mode": "managed",
      "type": "aws_security_group",
      "name": "LEADS_EC2_SG",
      "provider": "provider[\"registry.terraform.io/hashicorp/aws\"].North-Virginia",
      "instances": [
        {
          "schema_version": 1,
          "attributes": {
            "arn": "arn:aws:ec2:us-east-1:795354656121:security-group/sg-08e2061981ced9b59",
            "description": "SG for EC2 instances",
            "egress": [
              {
                "cidr_blocks": [
                  "0.0.0.0/0"
                ],
                "description": "",
                "from_port": 0,
                "ipv6_cidr_blocks": [],
                "prefix_list_ids": [],
                "protocol": "-1",
                "security_groups": [],
                "self": false,
                "to_port": 0
              }
            ],
            "id": "sg-08e2061981ced9b59",
            "ingress": [
              {
                "cidr_blocks": [
                  "0.0.0.0/0"
                ],
                "description": "Kubernetes API Server (from Internet)",
                "from_port": 6443,
                "ipv6_cidr_blocks": [],
                "prefix_list_ids": [],
                "protocol": "tcp",
                "security_groups": [],
                "self": false,
                "to_port": 6443
              },
              {
                "cidr_blocks": [
                  "0.0.0.0/0"
                ],
                "description": "SSH from anywhere",
                "from_port": 22,
                "ipv6_cidr_blocks": [],
                "prefix_list_ids": [],
                "protocol": "tcp",
                "security_groups": [],
                "self": false,
                "to_port": 22
              },
              {
                "cidr_blocks": [
                  "10.0.0.0/16"
                ],
                "description": "Cluster internal",
                "from_port": 0,
                "ipv6_cidr_blocks": [],
                "prefix_list_ids": [],
                "protocol": "-1",
                "security_groups": [],
                "self": false,
                "to_port": 0
              },
              {
                "cidr_blocks": [
                  "10.0.0.0/16"
                ],
                "description": "Kubernetes API Server (from VPC)",
                "from_port": 6443,
                "ipv6_cidr_blocks": [],
                "prefix_list_ids": [],
                "protocol": "tcp",
                "security_groups": [],
                "self": false,
                "to_port": 6443
              },
              {
                "cidr_blocks": [
                  "10.0.0.0/16"
                ],
                "description": "NFS",
                "from_port": 2049,
                "ipv6_cidr_blocks": [],
                "prefix_list_ids": [],
                "protocol": "tcp",
                "security_groups": [],
                "self": false,
                "to_port": 2049
              },
              {
                "cidr_blocks": [],
                "description": "HTTP from Load Balancer",
                "from_port": 32000,
                "ipv6_cidr_blocks": [],
                "prefix_list_ids": [],
                "protocol": "tcp",
                "security_groups": [
                  "sg-03db6b6b46d4c86a4"
                ],
                "self": false,
                "to_port": 32000
              }
            ],
            "name": "leads-manager-ec2-sg",
            "name_prefix": "",
            "owner_id": "795354656121",
            "revoke_rules_on_delete": false,
            "tags": {
              "Name": "leads-manager-ec2-sg"
            },
            "tags_all": {
              "Name": "leads-manager-ec2-sg"
            },
            "timeouts": null,
            "vpc_id": "vpc-080f587745c77138f"
          },
          "sensitive_attributes": [],
          "identity_schema_version": 0,
          "private": "eyJlMmJmYjczMC1lY2FhLTExZTYtOGY4OC0zNDM2M2JjN2M0YzAiOnsiY3JlYXRlIjo2MDAwMDAwMDAwMDAsImRlbGV0ZSI6OTAwMDAwMDAwMDAwfSwic2NoZW1hX3ZlcnNpb24iOiIxIn0=",
          "dependencies": [
            "aws_security_group.LEADS_ALB_SG",
            "aws_vpc.LEADS_VPC"
          ]
        }
      ]
    },
    {
      "mode": "managed",
      "type": "aws_subnet",
      "name": "LEADS_Public_Subnet_1",
      "provider": "provider[\"registry.terraform.io/hashicorp/aws\"].North-Virginia",
      "instances": [
        {
          "schema_version": 1,
          "attributes": {
            "arn": "arn:aws:ec2:us-east-1:795354656121:subnet/subnet-0f37541b587058b09",
            "assign_ipv6_address_on_creation": false,
            "availability_zone": "us-east-1a",
            "availability_zone_id": "use1-az6",
            "cidr_block": "10.0.1.0/24",
            "customer_owned_ipv4_pool": "",
            "enable_dns64": false,
            "enable_lni_at_device_index": 0,
            "enable_resource_name_dns_a_record_on_launch": false,
            "enable_resource_name_dns_aaaa_record_on_launch": false,
            "id": "subnet-0f37541b587058b09",
            "ipv6_cidr_block": "",
            "ipv6_cidr_block_association_id": "",
            "ipv6_native": false,
            "map_customer_owned_ip_on_launch": false,
            "map_public_ip_on_launch": true,
            "outpost_arn": "",
            "owner_id": "795354656121",
            "private_dns_hostname_type_on_launch": "ip-name",
            "tags": {
              "Name": "leads-manager-public-subnet-1"
            },
            "tags_all": {
              "Name": "leads-manager-public-subnet-1"
            },
            "timeouts": null,
            "vpc_id": "vpc-080f587745c77138f"
          },
          "sensitive_attributes": [],
          "identity_schema_version": 0,
          "private": "eyJlMmJmYjczMC1lY2FhLTExZTYtOGY4OC0zNDM2M2JjN2M0YzAiOnsiY3JlYXRlIjo2MDAwMDAwMDAwMDAsImRlbGV0ZSI6MTIwMDAwMDAwMDAwMH0sInNjaGVtYV92ZXJzaW9uIjoiMSJ9",
          "dependencies": [
            "aws_vpc.LEADS_VPC",
            "data.aws_availability_zones.available"
          ]
        }
      ]
    },
    {
      "mode": "managed",
      "type": "aws_subnet",
      "name": "LEADS_Public_Subnet_2",
      "provider": "provider[\"registry.terraform.io/hashicorp/aws\"].North-Virginia",
      "instances": [
        {
          "schema_version": 1,
          "attributes": {
            "arn": "arn:aws:ec2:us-east-1:795354656121:subnet/subnet-0640f06c2e90bcb61",
            "assign_ipv6_address_on_creation": false,
            "availability_zone": "us-east-1b",
            "availability_zone_id": "use1-az1",
            "cidr_block": "10.0.2.0/24",
            "customer_owned_ipv4_pool": "",
            "enable_dns64": false,
            "enable_lni_at_device_index": 0,
            "enable_resource_name_dns_a_record_on_launch": false,
            "enable_resource_name_dns_aaaa_record_on_launch": false,
            "id": "subnet-0640f06c2e90bcb61",
            "ipv6_cidr_block": "",
            "ipv6_cidr_block_association_id": "",
            "ipv6_native": false,
            "map_customer_owned_ip_on_launch": false,
            "map_public_ip_on_launch": true,
            "outpost_arn": "",
            "owner_id": "795354656121",
            "private_dns_hostname_type_on_launch": "ip-name",
            "tags": {
              "Name": "leads-manager-public-subnet-2"
            },
            "tags_all": {
              "Name": "leads-manager-public-subnet-2"
            },
            "timeouts": null,
            "vpc_id": "vpc-080f587745c77138f"
          },
          "sensitive_attributes": [],
          "identity_schema_version": 0,
          "private": "eyJlMmJmYjczMC1lY2FhLTExZTYtOGY4OC0zNDM2M2JjN2M0YzAiOnsiY3JlYXRlIjo2MDAwMDAwMDAwMDAsImRlbGV0ZSI6MTIwMDAwMDAwMDAwMH0sInNjaGVtYV92ZXJzaW9uIjoiMSJ9",
          "dependencies": [
            "aws_vpc.LEADS_VPC",
            "data.aws_availability_zones.available"
          ]
        }
      ]
    },
    {
      "mode": "managed",
      "type": "aws_vpc",
      "name": "LEADS_VPC",
      "provider": "provider[\"registry.terraform.io/hashicorp/aws\"].North-Virginia",
      "instances": [
        {
          "schema_version": 1,
          "attributes": {
            "arn": "arn:aws:ec2:us-east-1:795354656121:vpc/vpc-080f587745c77138f",
            "assign_generated_ipv6_cidr_block": false,
            "cidr_block": "10.0.0.0/16",
            "default_network_acl_id": "acl-09ae59227dca4229b",
            "default_route_table_id": "rtb-0bef1939df70281fd",
            "default_security_group_id": "sg-0d91e14b469fb2a8d",
            "dhcp_options_id": "dopt-0c59eb6f204e32a0e",
            "enable_dns_hostnames": false,
            "enable_dns_support": true,
            "enable_network_address_usage_metrics": false,
            "id": "vpc-080f587745c77138f",
            "instance_tenancy": "default",
            "ipv4_ipam_pool_id": null,
            "ipv4_netmask_length": null,
            "ipv6_association_id": "",
            "ipv6_cidr_block": "",
            "ipv6_cidr_block_network_border_group": "",
            "ipv6_ipam_pool_id": "",
            "ipv6_netmask_length": 0,
            "main_route_table_id": "rtb-0bef1939df70281fd",
            "owner_id": "795354656121",
            "tags": {
              "Name": "leads-manager-vpc"
            },
            "tags_all": {
              "Name": "leads-manager-vpc"
            }
          },
          "sensitive_attributes": [],
          "identity_schema_version": 0,
          "private": "eyJzY2hlbWFfdmVyc2lvbiI6IjEifQ=="
        }
      ]
    },
    {
      "mode": "managed",
      "type": "local_sensitive_file",
      "name": "private_key",
      "provider": "provider[\"registry.terraform.io/hashicorp/local\"]",
      "instances": [
        {
          "schema_version": 0,
          "attributes": {
            "content": "-----BEGIN RSA PRIVATE KEY-----\nMIIJKAIBAAKCAgEA0KyRMP8xKEbxG8HyKg3+BsL4BbHRVhx3BRFFCbn6VmKR2+iK\neIW9mIzJYeFVOA98wRs1q4qQrSxA2Qg7OR+aPBjtQtrxcrj0T1hgr8zefM0/MGjw\nZYhGjYjHKehknnaddhUFni3E50SAnQExaTEk6g3iNzEleRNa/fZSyCblfExPccqN\nhwU/Yfvous5m+bx44uyVAOMZ8MbHYYxPAczSVNFuoPUdgb43m3oc5HGWiTprWBNy\nZZ35I9NosqdGgzTObj/J7tK8eILwemF05W40o0PSJ8V6Nw3vLp/I1GkVXwjV6J5I\n2vDAfNC0bBvRzDOrl58oZH6W3VQaVldMBBhZQBUqDComLkZMPu8ZjgiHID5MnWAq\nfuRTxkVuuFmuj70AP5kftwpeDfuZjH8L3ONhHfoj23rdh52sRGHMBop0stg6xeEP\n95a7ZmH6rP/G5iQe93LpJV2vHJJbg+8UztPdsUIbq5ICYzfRMoszfTjWmicGCvOz\nJ7cWW0dPx+qdirXlVuRx3p05EbkpgLzt2RQ2JXMMBJ6bY/EsPnkoKJFqb5nyxKlw\nEBO+f55H8P5R7Np/9Qmu/yCDOw0cN3au7lBuDrOh/Icsm/Vb8RBgrlGLpGbXR8T+\nFFBxFl+x4RHd6Q1k+tPkvcRfGO2+pNX3Ru/IQ/X16WZ5c2SyYPW5boWpG7kCAwEA\nAQKCAgAZjZ2UpmtanKAB3392xD015BeDJayWIujgPKZ7nm6YDXysX+Q1Bgua7AKX\nyIQrApqAUINYp6CNKZIiAZle/A5jCu+4SXSvsRPEc59uEmRcXAs/iQTcf2eZsATT\njkW5XJpuT1IKILNarqTL6ngmgtdxDJTbCrBQDJ1j5A9sZcxMVaaU2fz4FR3B3fCN\n5PXvNwkxS09OddZDXyl4jzn4OnYMij5F2j5BbmMDgwdEDN97m8/GpVBTk+4NA7fF\nHil1qmMXqnAL8s++4int5+lB/yYq/VnKzP/o+1KCycZKBzmQEwDpehiUgaQl+gNe\nCboTNhtDzJWhrhluA6fbUtgC2F3KplZbsiShK8XFIDxmgeq0/Bd6I5vyHwU5AIeU\nj9c6MsTuaBymGvGdlu49GuNPZFEoJ5S4F4Ozd9FNmulTOW142UAl5fNPrbTp+YBU\nyfoNCkBqCAmscgmeDGeI+05qrcKL/Re82N+XbwXKtnd9HXMwuKBp7vUa1j7NvK5t\nPTqb5i+cl2AkTq2tkmvzb0t2c4c/qWpb03mU3mtEHiIlGhTjRXzd7sVhGC3sj7qZ\nLojJhWOCb8yvwcC09+MPKy9LkWz/U00w2gUI5ae9rZoN0nKCj/2GH4EdA1MVbTxl\nxSvxVmSfLxHfrJy1nYcpuYpg2Fg/bkvdgIshS71KIzJ2sqVskQKCAQEA+tQYwe61\nA+JPpwdNzyK/SlZdZQUkqnaFOiMdyoftRUeBWvi3u7lkpWqds550buBlpaYpw1m4\nunmarGx53JWZ39A/WWDxuQFA5gaPQy637ufuxLADqJIfsdUTxgD/CiPsVuiG5lzd\nW9ZL48nvs4j3i+i/PwqSHkT9UjRnO/0/MAVq6jX/Njjb2NpXpldJdEhDBbYcOo2I\n7WJyv5Pg+IsRj2Lhr8oUmCzb9ZPrBSNQf9zHv1ru/7hFJmwY4Bj41cls1Wcvrgz/\nw3xVs2d18AIzj8TgbbCnl/NE/ysxK6622f5DGcwsh4t5KMuzoPIvGjeGgDu5B78q\nUeqvalG7+jpy0wKCAQEA1Pn5bj7wSyqpNbvdsFC4sTbplc+NgpKGULtCBqwpnPcD\n1ZioNvY4hj/8qqodDsqVQpmFQ3OizBQUXzHt/Vdu1zWZsAIJMZTQQhQ9ZFXG41ZJ\nL+mfvSvJQ4gYXm6C+DdwHxj3e2a8YxCqH2jtnPD5Srw9u5RTDhx6o/Ng/afJhRUK\na47nu9TR4V3RPcCycrS/UShRAOjiX3C86/MxY2OOXeuao8xZufO8qFjkCgwHzjTa\nwf+xljV1emaRvFxTSBjZJm66Ev3qtUblU3R0KjwV3pjoTscifQdXo+x0jzykJ46w\noklvIfoLY5GGeNAFq9lkURZR1GS8y+G/kIhCT1SnwwKCAQEAiWNNYERY4BTA3lNQ\n2klFD/m4VFH54Gjk1pBPjBTh8NWW0/Zx5SBKMZTxZmY/jk/ZPV+Ddp4ZYgKjpxgP\ns7Q5wW72lAVWwagfHR+wrvLTCsf9b7yddGL9e1Gj8AuxpqNAm+XnphxtnxUFInME\nmYlHVloZDvXCTVQqkTFk7mXri2kcQ8dp0BBa0y/dXJ5o/IlsNJ+oXKYTvzrycV8V\nle3Oo4Rc7AW7PBMuNBheXcUXHcIXowey61zKe54wDed/vNIEi+tmIWa7XR8obgkY\nf2slRPVonIxrb/5u53mICE49l6/+nw3HwkKyDZdt/5VIGYsaX/jWg5jBHHd4t7qn\nRQtowwKCAQAaR8per0eJjvcYWVlOw3c27va99MGahigq2CCaoC32X4jKl67SMWni\nLw0nphw10gu/DyChpShGlIe7A3dBlsNnrQaM8INf6eQU81hsBCWpseEQF30No9SP\nD8EqDer9ZCHixHrtcEz40Hqdq53+isHIVhgsCG6DREJh7steIZE9ac5CXXz88ZMA\ng0opm5ipjOI6yoXMXfBpJIk7eGP0xrkvn74STkoYJxp1j5p8HuXrrRv9amboiSo4\n82UyYBYqxF4vXuR5KXoH6nqr5Kfc+lMch7PK3MnFsd0/rhLoBeyfsPzc2cDr6WX0\nYGW+jLTWctntI5rvYYrmgbHYzOeZ0HFvAoIBAF1YHRAxKBQz5F6PtFkiwi62vDaS\nWIcAqfZ/gKdNegGmg8kdl3vgMaPPxAGi7w4djGDruw5bs73GMc1uC+3UZDNytfKh\nI7bYaqtTK8K6+JiaavUNdih5TxUk8mKXu2oxr03bVJSfDF1/xmrIr7SM7lAYuAMF\n87rh2efrQkr1c9oYzgEnn34pepLMnqFpkQM7OyBNYoz20dn2UyqgHtLjT+pFQcMI\nP7MD2hROM3YwxPRUvYQg1s2PaRVYFq40YFK6NONOBPqBNdseapZgi8Tzj2kXKcu0\ntHUmhMBPxf+SXRp0oqplE6V7U6h8NBSyUiqJapWHVNJ8/sQOBhry2RAq9Hc=\n-----END RSA PRIVATE KEY-----\n",
            "content_base64": null,
            "content_base64sha256": "E/RHg/7CQ0j89PBtAeVrMfMuF/ppDxwLbfkfx+Zk5tY=",
            "content_base64sha512": "Fx9NPF8e9QD3AsmMEu+QM03CrysNJYMDfFFB2jb3xMc3wiZVdEU0dR+rkrQyQUs5+s+bubCtiGNU4jKhiCcO3w==",
            "content_md5": "dcb1962206dca5677c5b576d6ddbc64a",
            "content_sha1": "a6fe356e1c42b80235050c94142a705dd4468a26",
            "content_sha256": "13f44783fec24348fcf4f06d01e56b31f32e17fa690f1c0b6df91fc7e664e6d6",
            "content_sha512": "171f4d3c5f1ef500f702c98c12ef90334dc2af2b0d2583037c5141da36f7c4c737c22655744534751fab92b432414b39facf9bb9b0ad886354e232a188270edf",
            "directory_permission": "0700",
            "file_permission": "0600",
            "filename": "./KP.pem",
            "id": "a6fe356e1c42b80235050c94142a705dd4468a26",
            "source": null
          },
          "sensitive_attributes": [
            [
              {
                "type": "get_attr",
                "value": "content"
              }
            ],
            [
              {
                "type": "get_attr",
                "value": "content_base64"
              }
            ]
          ],
          "identity_schema_version": 0,
          "dependencies": [
            "tls_private_key.LEADS_MANAGER_KP"
          ]
        }
      ]
    },
    {
      "mode": "managed",
      "type": "terraform_data",
      "name": "KP-Copy",
      "provider": "provider[\"terraform.io/builtin/terraform\"]",
      "instances": [
        {
          "schema_version": 0,
          "attributes": {
            "id": "cb08a58b-78d9-7edf-f15d-4081b8190202",
            "input": null,
            "output": null,
            "triggers_replace": {
              "value": {
                "control_plane_ip": "54.158.141.86",
                "key_checksum": "13f44783fec24348fcf4f06d01e56b31f32e17fa690f1c0b6df91fc7e664e6d6"
              },
              "type": [
                "object",
                {
                  "control_plane_ip": "string",
                  "key_checksum": "string"
                }
              ]
            }
          },
          "sensitive_attributes": [
            [
              {
                "type": "get_attr",
                "value": "triggers_replace"
              },
              {
                "type": "get_attr",
                "value": "key_checksum"
              }
            ]
          ],
          "identity_schema_version": 0,
          "dependencies": [
            "aws_instance.CONTROL_PLANE",
            "aws_key_pair.LEADS_MANAGER_KP",
            "aws_security_group.LEADS_ALB_SG",
            "aws_security_group.LEADS_EC2_SG",
            "aws_subnet.LEADS_Public_Subnet_1",
            "aws_vpc.LEADS_VPC",
            "data.aws_availability_zones.available",
            "tls_private_key.LEADS_MANAGER_KP"
          ]
        }
      ]
    },
    {
      "mode": "managed",
      "type": "tls_private_key",
      "name": "LEADS_MANAGER_KP",
      "provider": "provider[\"registry.terraform.io/hashicorp/tls\"]",
      "instances": [
        {
          "schema_version": 1,
          "attributes": {
            "algorithm": "RSA",
            "ecdsa_curve": "P224",
            "id": "a9e492d48df708b8d635e7aa23cf8cc3b8362a39",
            "private_key_openssh": "-----BEGIN OPENSSH PRIVATE KEY-----\nb3BlbnNzaC1rZXktdjEAAAAABG5vbmUAAAAEbm9uZQAAAAAAAAABAAACFwAAAAdz\nc2gtcnNhAAAAAwEAAQAAAgEA0KyRMP8xKEbxG8HyKg3+BsL4BbHRVhx3BRFFCbn6\nVmKR2+iKeIW9mIzJYeFVOA98wRs1q4qQrSxA2Qg7OR+aPBjtQtrxcrj0T1hgr8ze\nfM0/MGjwZYhGjYjHKehknnaddhUFni3E50SAnQExaTEk6g3iNzEleRNa/fZSyCbl\nfExPccqNhwU/Yfvous5m+bx44uyVAOMZ8MbHYYxPAczSVNFuoPUdgb43m3oc5HGW\niTprWBNyZZ35I9NosqdGgzTObj/J7tK8eILwemF05W40o0PSJ8V6Nw3vLp/I1GkV\nXwjV6J5I2vDAfNC0bBvRzDOrl58oZH6W3VQaVldMBBhZQBUqDComLkZMPu8ZjgiH\nID5MnWAqfuRTxkVuuFmuj70AP5kftwpeDfuZjH8L3ONhHfoj23rdh52sRGHMBop0\nstg6xeEP95a7ZmH6rP/G5iQe93LpJV2vHJJbg+8UztPdsUIbq5ICYzfRMoszfTjW\nmicGCvOzJ7cWW0dPx+qdirXlVuRx3p05EbkpgLzt2RQ2JXMMBJ6bY/EsPnkoKJFq\nb5nyxKlwEBO+f55H8P5R7Np/9Qmu/yCDOw0cN3au7lBuDrOh/Icsm/Vb8RBgrlGL\npGbXR8T+FFBxFl+x4RHd6Q1k+tPkvcRfGO2+pNX3Ru/IQ/X16WZ5c2SyYPW5boWp\nG7kAAAc4ZXmQMmV5kDIAAAAHc3NoLXJzYQAAAgEA0KyRMP8xKEbxG8HyKg3+BsL4\nBbHRVhx3BRFFCbn6VmKR2+iKeIW9mIzJYeFVOA98wRs1q4qQrSxA2Qg7OR+aPBjt\nQtrxcrj0T1hgr8zefM0/MGjwZYhGjYjHKehknnaddhUFni3E50SAnQExaTEk6g3i\nNzEleRNa/fZSyCblfExPccqNhwU/Yfvous5m+bx44uyVAOMZ8MbHYYxPAczSVNFu\noPUdgb43m3oc5HGWiTprWBNyZZ35I9NosqdGgzTObj/J7tK8eILwemF05W40o0PS\nJ8V6Nw3vLp/I1GkVXwjV6J5I2vDAfNC0bBvRzDOrl58oZH6W3VQaVldMBBhZQBUq\nDComLkZMPu8ZjgiHID5MnWAqfuRTxkVuuFmuj70AP5kftwpeDfuZjH8L3ONhHfoj\n23rdh52sRGHMBop0stg6xeEP95a7ZmH6rP/G5iQe93LpJV2vHJJbg+8UztPdsUIb\nq5ICYzfRMoszfTjWmicGCvOzJ7cWW0dPx+qdirXlVuRx3p05EbkpgLzt2RQ2JXMM\nBJ6bY/EsPnkoKJFqb5nyxKlwEBO+f55H8P5R7Np/9Qmu/yCDOw0cN3au7lBuDrOh\n/Icsm/Vb8RBgrlGLpGbXR8T+FFBxFl+x4RHd6Q1k+tPkvcRfGO2+pNX3Ru/IQ/X1\n6WZ5c2SyYPW5boWpG7kAAAADAQABAAACABmNnZSma1qcoAHff3bEPTXkF4MlrJYi\n6OA8pnuebpgNfKxf5DUGC5rsApfIhCsCmoBQg1inoI0pkiIBmV78DmMK77hJdK+x\nE8Rzn24SZFxcCz+JBNx/Z5mwBNOORblcmm5PUgogs1qupMvqeCaC13EMlNsKsFAM\nnWPkD2xlzExVppTZ/PgVHcHd8I3k9e83CTFLT0511kNfKXiPOfg6dgyKPkXaPkFu\nYwODB0QM33ubz8alUFOT7g0Dt8UeKXWqYxeqcAvyz77iKe3n6UH/Jir9WcrM/+j7\nUoLJxkoHOZATAOl6GJSBpCX6A14JuhM2G0PMlaGuGW4Dp9tS2ALYXcqmVluyJKEr\nxcUgPGaB6rT8F3ojm/IfBTkAh5SP1zoyxO5oHKYa8Z2W7j0a409kUSgnlLgXg7N3\n0U2a6VM5bXjZQCXl80+ttOn5gFTJ+g0KQGoICaxyCZ4MZ4j7Tmqtwov9F7zY35dv\nBcq2d30dczC4oGnu9RrWPs28rm09OpvmL5yXYCROra2Sa/NvS3Zzhz+palvTeZTe\na0QeIiUaFONFfN3uxWEYLeyPupkuiMmFY4JvzK/BwLT34w8rL0uRbP9TTTDaBQjl\np72tmg3ScoKP/YYfgR0DUxVtPGXFK/FWZJ8vEd+snLWdhym5imDYWD9uS92AiyFL\nvUojMnaypWyRAAABAF1YHRAxKBQz5F6PtFkiwi62vDaSWIcAqfZ/gKdNegGmg8kd\nl3vgMaPPxAGi7w4djGDruw5bs73GMc1uC+3UZDNytfKhI7bYaqtTK8K6+JiaavUN\ndih5TxUk8mKXu2oxr03bVJSfDF1/xmrIr7SM7lAYuAMF87rh2efrQkr1c9oYzgEn\nn34pepLMnqFpkQM7OyBNYoz20dn2UyqgHtLjT+pFQcMIP7MD2hROM3YwxPRUvYQg\n1s2PaRVYFq40YFK6NONOBPqBNdseapZgi8Tzj2kXKcu0tHUmhMBPxf+SXRp0oqpl\nE6V7U6h8NBSyUiqJapWHVNJ8/sQOBhry2RAq9HcAAAEBAPrUGMHutQPiT6cHTc8i\nv0pWXWUFJKp2hTojHcqH7UVHgVr4t7u5ZKVqnbOedG7gZaWmKcNZuLp5mqxsedyV\nmd/QP1lg8bkBQOYGj0Mut+7n7sSwA6iSH7HVE8YA/woj7FbohuZc3VvWS+PJ77OI\n94vovz8Kkh5E/VI0Zzv9PzAFauo1/zY429jaV6ZXSXRIQwW2HDqNiO1icr+T4PiL\nEY9i4a/KFJgs2/WT6wUjUH/cx79a7v+4RSZsGOAY+NXJbNVnL64M/8N8VbNndfAC\nM4/E4G2wp5fzRP8rMSuuttn+QxnMLIeLeSjLs6DyLxo3hoA7uQe/KlHqr2pRu/o6\nctMAAAEBANT5+W4+8EsqqTW73bBQuLE26ZXPjYKShlC7QgasKZz3A9WYqDb2OIY/\n/KqqHQ7KlUKZhUNzoswUFF8x7f1Xbtc1mbACCTGU0EIUPWRVxuNWSS/pn70ryUOI\nGF5ugvg3cB8Y93tmvGMQqh9o7Zzw+Uq8PbuUUw4ceqPzYP2nyYUVCmuO57vU0eFd\n0T3AsnK0v1EoUQDo4l9wvOvzMWNjjl3rmqPMWbnzvKhY5AoMB8402sH/sZY1dXpm\nkbxcU0gY2SZuuhL96rVG5VN0dCo8Fd6Y6E7HIn0HV6PsdI88pCeOsKJJbyH6C2OR\nhnjQBavZZFEWUdRkvMvhv5CIQk9Up8MAAAAAAQID\n-----END OPENSSH PRIVATE KEY-----\n",
            "private_key_pem": "-----BEGIN RSA PRIVATE KEY-----\nMIIJKAIBAAKCAgEA0KyRMP8xKEbxG8HyKg3+BsL4BbHRVhx3BRFFCbn6VmKR2+iK\neIW9mIzJYeFVOA98wRs1q4qQrSxA2Qg7OR+aPBjtQtrxcrj0T1hgr8zefM0/MGjw\nZYhGjYjHKehknnaddhUFni3E50SAnQExaTEk6g3iNzEleRNa/fZSyCblfExPccqN\nhwU/Yfvous5m+bx44uyVAOMZ8MbHYYxPAczSVNFuoPUdgb43m3oc5HGWiTprWBNy\nZZ35I9NosqdGgzTObj/J7tK8eILwemF05W40o0PSJ8V6Nw3vLp/I1GkVXwjV6J5I\n2vDAfNC0bBvRzDOrl58oZH6W3VQaVldMBBhZQBUqDComLkZMPu8ZjgiHID5MnWAq\nfuRTxkVuuFmuj70AP5kftwpeDfuZjH8L3ONhHfoj23rdh52sRGHMBop0stg6xeEP\n95a7ZmH6rP/G5iQe93LpJV2vHJJbg+8UztPdsUIbq5ICYzfRMoszfTjWmicGCvOz\nJ7cWW0dPx+qdirXlVuRx3p05EbkpgLzt2RQ2JXMMBJ6bY/EsPnkoKJFqb5nyxKlw\nEBO+f55H8P5R7Np/9Qmu/yCDOw0cN3au7lBuDrOh/Icsm/Vb8RBgrlGLpGbXR8T+\nFFBxFl+x4RHd6Q1k+tPkvcRfGO2+pNX3Ru/IQ/X16WZ5c2SyYPW5boWpG7kCAwEA\nAQKCAgAZjZ2UpmtanKAB3392xD015BeDJayWIujgPKZ7nm6YDXysX+Q1Bgua7AKX\nyIQrApqAUINYp6CNKZIiAZle/A5jCu+4SXSvsRPEc59uEmRcXAs/iQTcf2eZsATT\njkW5XJpuT1IKILNarqTL6ngmgtdxDJTbCrBQDJ1j5A9sZcxMVaaU2fz4FR3B3fCN\n5PXvNwkxS09OddZDXyl4jzn4OnYMij5F2j5BbmMDgwdEDN97m8/GpVBTk+4NA7fF\nHil1qmMXqnAL8s++4int5+lB/yYq/VnKzP/o+1KCycZKBzmQEwDpehiUgaQl+gNe\nCboTNhtDzJWhrhluA6fbUtgC2F3KplZbsiShK8XFIDxmgeq0/Bd6I5vyHwU5AIeU\nj9c6MsTuaBymGvGdlu49GuNPZFEoJ5S4F4Ozd9FNmulTOW142UAl5fNPrbTp+YBU\nyfoNCkBqCAmscgmeDGeI+05qrcKL/Re82N+XbwXKtnd9HXMwuKBp7vUa1j7NvK5t\nPTqb5i+cl2AkTq2tkmvzb0t2c4c/qWpb03mU3mtEHiIlGhTjRXzd7sVhGC3sj7qZ\nLojJhWOCb8yvwcC09+MPKy9LkWz/U00w2gUI5ae9rZoN0nKCj/2GH4EdA1MVbTxl\nxSvxVmSfLxHfrJy1nYcpuYpg2Fg/bkvdgIshS71KIzJ2sqVskQKCAQEA+tQYwe61\nA+JPpwdNzyK/SlZdZQUkqnaFOiMdyoftRUeBWvi3u7lkpWqds550buBlpaYpw1m4\nunmarGx53JWZ39A/WWDxuQFA5gaPQy637ufuxLADqJIfsdUTxgD/CiPsVuiG5lzd\nW9ZL48nvs4j3i+i/PwqSHkT9UjRnO/0/MAVq6jX/Njjb2NpXpldJdEhDBbYcOo2I\n7WJyv5Pg+IsRj2Lhr8oUmCzb9ZPrBSNQf9zHv1ru/7hFJmwY4Bj41cls1Wcvrgz/\nw3xVs2d18AIzj8TgbbCnl/NE/ysxK6622f5DGcwsh4t5KMuzoPIvGjeGgDu5B78q\nUeqvalG7+jpy0wKCAQEA1Pn5bj7wSyqpNbvdsFC4sTbplc+NgpKGULtCBqwpnPcD\n1ZioNvY4hj/8qqodDsqVQpmFQ3OizBQUXzHt/Vdu1zWZsAIJMZTQQhQ9ZFXG41ZJ\nL+mfvSvJQ4gYXm6C+DdwHxj3e2a8YxCqH2jtnPD5Srw9u5RTDhx6o/Ng/afJhRUK\na47nu9TR4V3RPcCycrS/UShRAOjiX3C86/MxY2OOXeuao8xZufO8qFjkCgwHzjTa\nwf+xljV1emaRvFxTSBjZJm66Ev3qtUblU3R0KjwV3pjoTscifQdXo+x0jzykJ46w\noklvIfoLY5GGeNAFq9lkURZR1GS8y+G/kIhCT1SnwwKCAQEAiWNNYERY4BTA3lNQ\n2klFD/m4VFH54Gjk1pBPjBTh8NWW0/Zx5SBKMZTxZmY/jk/ZPV+Ddp4ZYgKjpxgP\ns7Q5wW72lAVWwagfHR+wrvLTCsf9b7yddGL9e1Gj8AuxpqNAm+XnphxtnxUFInME\nmYlHVloZDvXCTVQqkTFk7mXri2kcQ8dp0BBa0y/dXJ5o/IlsNJ+oXKYTvzrycV8V\nle3Oo4Rc7AW7PBMuNBheXcUXHcIXowey61zKe54wDed/vNIEi+tmIWa7XR8obgkY\nf2slRPVonIxrb/5u53mICE49l6/+nw3HwkKyDZdt/5VIGYsaX/jWg5jBHHd4t7qn\nRQtowwKCAQAaR8per0eJjvcYWVlOw3c27va99MGahigq2CCaoC32X4jKl67SMWni\nLw0nphw10gu/DyChpShGlIe7A3dBlsNnrQaM8INf6eQU81hsBCWpseEQF30No9SP\nD8EqDer9ZCHixHrtcEz40Hqdq53+isHIVhgsCG6DREJh7steIZE9ac5CXXz88ZMA\ng0opm5ipjOI6yoXMXfBpJIk7eGP0xrkvn74STkoYJxp1j5p8HuXrrRv9amboiSo4\n82UyYBYqxF4vXuR5KXoH6nqr5Kfc+lMch7PK3MnFsd0/rhLoBeyfsPzc2cDr6WX0\nYGW+jLTWctntI5rvYYrmgbHYzOeZ0HFvAoIBAF1YHRAxKBQz5F6PtFkiwi62vDaS\nWIcAqfZ/gKdNegGmg8kdl3vgMaPPxAGi7w4djGDruw5bs73GMc1uC+3UZDNytfKh\nI7bYaqtTK8K6+JiaavUNdih5TxUk8mKXu2oxr03bVJSfDF1/xmrIr7SM7lAYuAMF\n87rh2efrQkr1c9oYzgEnn34pepLMnqFpkQM7OyBNYoz20dn2UyqgHtLjT+pFQcMI\nP7MD2hROM3YwxPRUvYQg1s2PaRVYFq40YFK6NONOBPqBNdseapZgi8Tzj2kXKcu0\ntHUmhMBPxf+SXRp0oqplE6V7U6h8NBSyUiqJapWHVNJ8/sQOBhry2RAq9Hc=\n-----END RSA PRIVATE KEY-----\n",
            "private_key_pem_pkcs8": "-----BEGIN PRIVATE KEY-----\nMIIJQgIBADANBgkqhkiG9w0BAQEFAASCCSwwggkoAgEAAoICAQDQrJEw/zEoRvEb\nwfIqDf4GwvgFsdFWHHcFEUUJufpWYpHb6Ip4hb2YjMlh4VU4D3zBGzWripCtLEDZ\nCDs5H5o8GO1C2vFyuPRPWGCvzN58zT8waPBliEaNiMcp6GSedp12FQWeLcTnRICd\nATFpMSTqDeI3MSV5E1r99lLIJuV8TE9xyo2HBT9h++i6zmb5vHji7JUA4xnwxsdh\njE8BzNJU0W6g9R2BvjebehzkcZaJOmtYE3Jlnfkj02iyp0aDNM5uP8nu0rx4gvB6\nYXTlbjSjQ9InxXo3De8un8jUaRVfCNXonkja8MB80LRsG9HMM6uXnyhkfpbdVBpW\nV0wEGFlAFSoMKiYuRkw+7xmOCIcgPkydYCp+5FPGRW64Wa6PvQA/mR+3Cl4N+5mM\nfwvc42Ed+iPbet2HnaxEYcwGinSy2DrF4Q/3lrtmYfqs/8bmJB73cuklXa8ckluD\n7xTO092xQhurkgJjN9EyizN9ONaaJwYK87MntxZbR0/H6p2KteVW5HHenTkRuSmA\nvO3ZFDYlcwwEnptj8Sw+eSgokWpvmfLEqXAQE75/nkfw/lHs2n/1Ca7/IIM7DRw3\ndq7uUG4Os6H8hyyb9VvxEGCuUYukZtdHxP4UUHEWX7HhEd3pDWT60+S9xF8Y7b6k\n1fdG78hD9fXpZnlzZLJg9bluhakbuQIDAQABAoICABmNnZSma1qcoAHff3bEPTXk\nF4MlrJYi6OA8pnuebpgNfKxf5DUGC5rsApfIhCsCmoBQg1inoI0pkiIBmV78DmMK\n77hJdK+xE8Rzn24SZFxcCz+JBNx/Z5mwBNOORblcmm5PUgogs1qupMvqeCaC13EM\nlNsKsFAMnWPkD2xlzExVppTZ/PgVHcHd8I3k9e83CTFLT0511kNfKXiPOfg6dgyK\nPkXaPkFuYwODB0QM33ubz8alUFOT7g0Dt8UeKXWqYxeqcAvyz77iKe3n6UH/Jir9\nWcrM/+j7UoLJxkoHOZATAOl6GJSBpCX6A14JuhM2G0PMlaGuGW4Dp9tS2ALYXcqm\nVluyJKErxcUgPGaB6rT8F3ojm/IfBTkAh5SP1zoyxO5oHKYa8Z2W7j0a409kUSgn\nlLgXg7N30U2a6VM5bXjZQCXl80+ttOn5gFTJ+g0KQGoICaxyCZ4MZ4j7Tmqtwov9\nF7zY35dvBcq2d30dczC4oGnu9RrWPs28rm09OpvmL5yXYCROra2Sa/NvS3Zzhz+p\nalvTeZTea0QeIiUaFONFfN3uxWEYLeyPupkuiMmFY4JvzK/BwLT34w8rL0uRbP9T\nTTDaBQjlp72tmg3ScoKP/YYfgR0DUxVtPGXFK/FWZJ8vEd+snLWdhym5imDYWD9u\nS92AiyFLvUojMnaypWyRAoIBAQD61BjB7rUD4k+nB03PIr9KVl1lBSSqdoU6Ix3K\nh+1FR4Fa+Le7uWSlap2znnRu4GWlpinDWbi6eZqsbHnclZnf0D9ZYPG5AUDmBo9D\nLrfu5+7EsAOokh+x1RPGAP8KI+xW6IbmXN1b1kvjye+ziPeL6L8/CpIeRP1SNGc7\n/T8wBWrqNf82ONvY2lemV0l0SEMFthw6jYjtYnK/k+D4ixGPYuGvyhSYLNv1k+sF\nI1B/3Me/Wu7/uEUmbBjgGPjVyWzVZy+uDP/DfFWzZ3XwAjOPxOBtsKeX80T/KzEr\nrrbZ/kMZzCyHi3koy7Og8i8aN4aAO7kHvypR6q9qUbv6OnLTAoIBAQDU+fluPvBL\nKqk1u92wULixNumVz42CkoZQu0IGrCmc9wPVmKg29jiGP/yqqh0OypVCmYVDc6LM\nFBRfMe39V27XNZmwAgkxlNBCFD1kVcbjVkkv6Z+9K8lDiBheboL4N3AfGPd7Zrxj\nEKofaO2c8PlKvD27lFMOHHqj82D9p8mFFQprjue71NHhXdE9wLJytL9RKFEA6OJf\ncLzr8zFjY45d65qjzFm587yoWOQKDAfONNrB/7GWNXV6ZpG8XFNIGNkmbroS/eq1\nRuVTdHQqPBXemOhOxyJ9B1ej7HSPPKQnjrCiSW8h+gtjkYZ40AWr2WRRFlHUZLzL\n4b+QiEJPVKfDAoIBAQCJY01gRFjgFMDeU1DaSUUP+bhUUfngaOTWkE+MFOHw1ZbT\n9nHlIEoxlPFmZj+OT9k9X4N2nhliAqOnGA+ztDnBbvaUBVbBqB8dH7Cu8tMKx/1v\nvJ10Yv17UaPwC7Gmo0Cb5eemHG2fFQUicwSZiUdWWhkO9cJNVCqRMWTuZeuLaRxD\nx2nQEFrTL91cnmj8iWw0n6hcphO/OvJxXxWV7c6jhFzsBbs8Ey40GF5dxRcdwhej\nB7LrXMp7njAN53+80gSL62YhZrtdHyhuCRh/ayVE9WicjGtv/m7neYgITj2Xr/6f\nDcfCQrINl23/lUgZixpf+NaDmMEcd3i3uqdFC2jDAoIBABpHyl6vR4mO9xhZWU7D\ndzbu9r30wZqGKCrYIJqgLfZfiMqXrtIxaeIvDSemHDXSC78PIKGlKEaUh7sDd0GW\nw2etBozwg1/p5BTzWGwEJamx4RAXfQ2j1I8PwSoN6v1kIeLEeu1wTPjQep2rnf6K\nwchWGCwIboNEQmHuy14hkT1pzkJdfPzxkwCDSimbmKmM4jrKhcxd8GkkiTt4Y/TG\nuS+fvhJOShgnGnWPmnwe5eutG/1qZuiJKjjzZTJgFirEXi9e5Hkpegfqeqvkp9z6\nUxyHs8rcycWx3T+uEugF7J+w/NzZwOvpZfRgZb6MtNZy2e0jmu9hiuaBsdjM55nQ\ncW8CggEAXVgdEDEoFDPkXo+0WSLCLra8NpJYhwCp9n+Ap016AaaDyR2Xe+Axo8/E\nAaLvDh2MYOu7DluzvcYxzW4L7dRkM3K18qEjtthqq1Mrwrr4mJpq9Q12KHlPFSTy\nYpe7ajGvTdtUlJ8MXX/GasivtIzuUBi4AwXzuuHZ5+tCSvVz2hjOASeffil6ksye\noWmRAzs7IE1ijPbR2fZTKqAe0uNP6kVBwwg/swPaFE4zdjDE9FS9hCDWzY9pFVgW\nrjRgUro0404E+oE12x5qlmCLxPOPaRcpy7S0dSaEwE/F/5JdGnSiqmUTpXtTqHw0\nFLJSKolqlYdU0nz+xA4GGvLZECr0dw==\n-----END PRIVATE KEY-----\n",
            "public_key_fingerprint_md5": "22:20:79:a7:bc:32:18:5d:18:41:b8:08:76:f2:b3:cc",
            "public_key_fingerprint_sha256": "SHA256:QJieeFeOAd3z9/XqoQNxlaHavm3jpua7wxQxDaLeEQ8",
            "public_key_openssh": "ssh-rsa AAAAB3NzaC1yc2EAAAADAQABAAACAQDQrJEw/zEoRvEbwfIqDf4GwvgFsdFWHHcFEUUJufpWYpHb6Ip4hb2YjMlh4VU4D3zBGzWripCtLEDZCDs5H5o8GO1C2vFyuPRPWGCvzN58zT8waPBliEaNiMcp6GSedp12FQWeLcTnRICdATFpMSTqDeI3MSV5E1r99lLIJuV8TE9xyo2HBT9h++i6zmb5vHji7JUA4xnwxsdhjE8BzNJU0W6g9R2BvjebehzkcZaJOmtYE3Jlnfkj02iyp0aDNM5uP8nu0rx4gvB6YXTlbjSjQ9InxXo3De8un8jUaRVfCNXonkja8MB80LRsG9HMM6uXnyhkfpbdVBpWV0wEGFlAFSoMKiYuRkw+7xmOCIcgPkydYCp+5FPGRW64Wa6PvQA/mR+3Cl4N+5mMfwvc42Ed+iPbet2HnaxEYcwGinSy2DrF4Q/3lrtmYfqs/8bmJB73cuklXa8ckluD7xTO092xQhurkgJjN9EyizN9ONaaJwYK87MntxZbR0/H6p2KteVW5HHenTkRuSmAvO3ZFDYlcwwEnptj8Sw+eSgokWpvmfLEqXAQE75/nkfw/lHs2n/1Ca7/IIM7DRw3dq7uUG4Os6H8hyyb9VvxEGCuUYukZtdHxP4UUHEWX7HhEd3pDWT60+S9xF8Y7b6k1fdG78hD9fXpZnlzZLJg9bluhakbuQ==\n",
            "public_key_pem": "-----BEGIN PUBLIC KEY-----\nMIICIjANBgkqhkiG9w0BAQEFAAOCAg8AMIICCgKCAgEA0KyRMP8xKEbxG8HyKg3+\nBsL4BbHRVhx3BRFFCbn6VmKR2+iKeIW9mIzJYeFVOA98wRs1q4qQrSxA2Qg7OR+a\nPBjtQtrxcrj0T1hgr8zefM0/MGjwZYhGjYjHKehknnaddhUFni3E50SAnQExaTEk\n6g3iNzEleRNa/fZSyCblfExPccqNhwU/Yfvous5m+bx44uyVAOMZ8MbHYYxPAczS\nVNFuoPUdgb43m3oc5HGWiTprWBNyZZ35I9NosqdGgzTObj/J7tK8eILwemF05W40\no0PSJ8V6Nw3vLp/I1GkVXwjV6J5I2vDAfNC0bBvRzDOrl58oZH6W3VQaVldMBBhZ\nQBUqDComLkZMPu8ZjgiHID5MnWAqfuRTxkVuuFmuj70AP5kftwpeDfuZjH8L3ONh\nHfoj23rdh52sRGHMBop0stg6xeEP95a7ZmH6rP/G5iQe93LpJV2vHJJbg+8UztPd\nsUIbq5ICYzfRMoszfTjWmicGCvOzJ7cWW0dPx+qdirXlVuRx3p05EbkpgLzt2RQ2\nJXMMBJ6bY/EsPnkoKJFqb5nyxKlwEBO+f55H8P5R7Np/9Qmu/yCDOw0cN3au7lBu\nDrOh/Icsm/Vb8RBgrlGLpGbXR8T+FFBxFl+x4RHd6Q1k+tPkvcRfGO2+pNX3Ru/I\nQ/X16WZ5c2SyYPW5boWpG7kCAwEAAQ==\n-----END PUBLIC KEY-----\n",
            "rsa_bits": 4096
          },
          "sensitive_attributes": [
            [
              {
                "type": "get_attr",
                "value": "private_key_openssh"
              }
            ],
            [
              {
                "type": "get_attr",
                "value": "private_key_pem"
              }
            ],
            [
              {
                "type": "get_attr",
                "value": "private_key_pem_pkcs8"
              }
            ]
          ],
          "identity_schema_version": 0
        }
      ]
    }
  ],
  "check_results": null
}
